
Microsoft Visual Studio Solution File, Format Version 12.00
# Visual Studio Version 17
VisualStudioVersion = 17.8.34309.116
MinimumVisualStudioVersion = 10.0.40219.1
Project("{9A19103F-16F7-4668-BE54-9A1E7A4F7556}") = "IntegrationTests", "IntegrationTests.csproj", "{C19D98D1-BA52-4824-AD91-5CD07CF7EB3C}"
EndProject
Project("{FAE04EC0-301F-11D3-BF4B-00C04F79EFBC}") = "Cucumber-And-C#-UnitTest", "..\Cucumber-And-C#-UnitTest\Cucumber-And-C#-UnitTest.csproj", "{EA759ACB-815B-4AC4-ACC0-B2B74EED4135}"
EndProject
Global
	GlobalSection(SolutionConfigurationPlatforms) = preSolution
		Debug|Any CPU = Debug|Any CPU
		Release|Any CPU = Release|Any CPU
	EndGlobalSection
	GlobalSection(ProjectConfigurationPlatforms) = postSolution
		{C19D98D1-BA52-4824-AD91-5CD07CF7EB3C}.Debug|Any CPU.ActiveCfg = Debug|Any CPU
		{C19D98D1-BA52-4824-AD91-5CD07CF7EB3C}.Debug|Any CPU.Build.0 = Debug|Any CPU
		{C19D98D1-BA52-4824-AD91-5CD07CF7EB3C}.Release|Any CPU.ActiveCfg = Release|Any CPU
		{C19D98D1-BA52-4824-AD91-5CD07CF7EB3C}.Release|Any CPU.Build.0 = Release|Any CPU
		{EA759ACB-815B-4AC4-ACC0-B2B74EED4135}.Debug|Any CPU.ActiveCfg = Debug|Any CPU
		{EA759ACB-815B-4AC4-ACC0-B2B74EED4135}.Debug|Any CPU.Build.0 = Debug|Any CPU
		{EA759ACB-815B-4AC4-ACC0-B2B74EED4135}.Release|Any CPU.ActiveCfg = Release|Any CPU
		{EA759ACB-815B-4AC4-ACC0-B2B74EED4135}.Release|Any CPU.Build.0 = Release|Any CPU
	EndGlobalSection
	GlobalSection(SolutionProperties) = preSolution
		HideSolutionNode = FALSE
	EndGlobalSection
	GlobalSection(ExtensibilityGlobals) = postSolution
		SolutionGuid = {EA8C818E-A6E7-4205-A3F3-27D6AEE24623}
	EndGlobalSection
EndGlobal
